
Microsoft Visual Studio Solution File, Format Version 12.00
# Visual Studio 15
VisualStudioVersion = 15.0.26730.15
MinimumVisualStudioVersion = 10.0.40219.1
Project("{FAE04EC0-301F-11D3-BF4B-00C04F79EFBC}") = "DesignPattern", "DesignPattern\DesignPattern.csproj", "{328A82A1-125F-41E1-B22E-004CAE67A791}"
EndProject
Project("{FAE04EC0-301F-11D3-BF4B-00C04F79EFBC}") = "BuilderPattern", "BuilderPattern\BuilderPattern.csproj", "{792339C8-75A4-4ED9-9310-0B10D028A0F9}"
EndProject
Project("{FAE04EC0-301F-11D3-BF4B-00C04F79EFBC}") = "StrategyPattern", "StrategyPattern\StrategyPattern.csproj", "{B6AA817D-D577-48E9-9C38-E31165437CAA}"
EndProject
Project("{FAE04EC0-301F-11D3-BF4B-00C04F79EFBC}") = "CommandPattern", "CommandPattern\CommandPattern.csproj", "{054C5797-0F30-4FBF-9971-3C5F0C201C14}"
EndProject
Project("{FAE04EC0-301F-11D3-BF4B-00C04F79EFBC}") = "CompositePattern", "CompositePattern\CompositePattern\CompositePattern.csproj", "{716B617E-85BD-4BFB-9690-134B03FB248A}"
EndProject
Global
	GlobalSection(SolutionConfigurationPlatforms) = preSolution
		Debug|Any CPU = Debug|Any CPU
		Release|Any CPU = Release|Any CPU
	EndGlobalSection
	GlobalSection(ProjectConfigurationPlatforms) = postSolution
		{328A82A1-125F-41E1-B22E-004CAE67A791}.Debug|Any CPU.ActiveCfg = Debug|Any CPU
		{328A82A1-125F-41E1-B22E-004CAE67A791}.Debug|Any CPU.Build.0 = Debug|Any CPU
		{328A82A1-125F-41E1-B22E-004CAE67A791}.Release|Any CPU.ActiveCfg = Release|Any CPU
		{328A82A1-125F-41E1-B22E-004CAE67A791}.Release|Any CPU.Build.0 = Release|Any CPU
		{792339C8-75A4-4ED9-9310-0B10D028A0F9}.Debug|Any CPU.ActiveCfg = Debug|Any CPU
		{792339C8-75A4-4ED9-9310-0B10D028A0F9}.Debug|Any CPU.Build.0 = Debug|Any CPU
		{792339C8-75A4-4ED9-9310-0B10D028A0F9}.Release|Any CPU.ActiveCfg = Release|Any CPU
		{792339C8-75A4-4ED9-9310-0B10D028A0F9}.Release|Any CPU.Build.0 = Release|Any CPU
		{B6AA817D-D577-48E9-9C38-E31165437CAA}.Debug|Any CPU.ActiveCfg = Debug|Any CPU
		{B6AA817D-D577-48E9-9C38-E31165437CAA}.Debug|Any CPU.Build.0 = Debug|Any CPU
		{B6AA817D-D577-48E9-9C38-E31165437CAA}.Release|Any CPU.ActiveCfg = Release|Any CPU
		{B6AA817D-D577-48E9-9C38-E31165437CAA}.Release|Any CPU.Build.0 = Release|Any CPU
		{054C5797-0F30-4FBF-9971-3C5F0C201C14}.Debug|Any CPU.ActiveCfg = Debug|Any CPU
		{054C5797-0F30-4FBF-9971-3C5F0C201C14}.Debug|Any CPU.Build.0 = Debug|Any CPU
		{054C5797-0F30-4FBF-9971-3C5F0C201C14}.Release|Any CPU.ActiveCfg = Release|Any CPU
		{054C5797-0F30-4FBF-9971-3C5F0C201C14}.Release|Any CPU.Build.0 = Release|Any CPU
		{716B617E-85BD-4BFB-9690-134B03FB248A}.Debug|Any CPU.ActiveCfg = Debug|Any CPU
		{716B617E-85BD-4BFB-9690-134B03FB248A}.Debug|Any CPU.Build.0 = Debug|Any CPU
		{716B617E-85BD-4BFB-9690-134B03FB248A}.Release|Any CPU.ActiveCfg = Release|Any CPU
		{716B617E-85BD-4BFB-9690-134B03FB248A}.Release|Any CPU.Build.0 = Release|Any CPU
	EndGlobalSection
	GlobalSection(SolutionProperties) = preSolution
		HideSolutionNode = FALSE
	EndGlobalSection
	GlobalSection(ExtensibilityGlobals) = postSolution
		SolutionGuid = {BD7F0C17-2A76-4480-8280-BD677347BDFF}
	EndGlobalSection
EndGlobal
