
Microsoft Visual Studio Solution File, Format Version 12.00
# Visual Studio 15
VisualStudioVersion = 15.0.26730.15
MinimumVisualStudioVersion = 10.0.40219.1
Project("{FAE04EC0-301F-11D3-BF4B-00C04F79EFBC}") = "CompositePattern", "CompositePattern\CompositePattern.csproj", "{716B617E-85BD-4BFB-9690-134B03FB248A}"
EndProject
Global
	GlobalSection(SolutionConfigurationPlatforms) = preSolution
		Debug|Any CPU = Debug|Any CPU
		Release|Any CPU = Release|Any CPU
	EndGlobalSection
	GlobalSection(ProjectConfigurationPlatforms) = postSolution
		{716B617E-85BD-4BFB-9690-134B03FB248A}.Debug|Any CPU.ActiveCfg = Debug|Any CPU
		{716B617E-85BD-4BFB-9690-134B03FB248A}.Debug|Any CPU.Build.0 = Debug|Any CPU
		{716B617E-85BD-4BFB-9690-134B03FB248A}.Release|Any CPU.ActiveCfg = Release|Any CPU
		{716B617E-85BD-4BFB-9690-134B03FB248A}.Release|Any CPU.Build.0 = Release|Any CPU
	EndGlobalSection
	GlobalSection(SolutionProperties) = preSolution
		HideSolutionNode = FALSE
	EndGlobalSection
	GlobalSection(ExtensibilityGlobals) = postSolution
		SolutionGuid = {6CCE13D2-F71A-41B0-8A89-87BC6DFB645A}
	EndGlobalSection
EndGlobal
